
Microsoft Visual Studio Solution File, Format Version 12.00
# Visual Studio 14
VisualStudioVersion = 14.0.24720.0
MinimumVisualStudioVersion = 10.0.40219.1
Project("{FAE04EC0-301F-11D3-BF4B-00C04F79EFBC}") = "FP.ContractVerifier", "FP.ContractVerifier\FP.ContractVerifier.csproj", "{88DB486F-2472-470F-8BE8-F0CBE945B9A9}"
EndProject
Project("{FAE04EC0-301F-11D3-BF4B-00C04F79EFBC}") = "SampleTests", "SampleTests\SampleTests.csproj", "{37C53F12-68DB-4BDF-AF22-471030814019}"
EndProject
Global
	GlobalSection(SolutionConfigurationPlatforms) = preSolution
		Debug|Any CPU = Debug|Any CPU
		Release|Any CPU = Release|Any CPU
	EndGlobalSection
	GlobalSection(ProjectConfigurationPlatforms) = postSolution
		{88DB486F-2472-470F-8BE8-F0CBE945B9A9}.Debug|Any CPU.ActiveCfg = Debug|Any CPU
		{88DB486F-2472-470F-8BE8-F0CBE945B9A9}.Debug|Any CPU.Build.0 = Debug|Any CPU
		{88DB486F-2472-470F-8BE8-F0CBE945B9A9}.Release|Any CPU.ActiveCfg = Release|Any CPU
		{88DB486F-2472-470F-8BE8-F0CBE945B9A9}.Release|Any CPU.Build.0 = Release|Any CPU
		{37C53F12-68DB-4BDF-AF22-471030814019}.Debug|Any CPU.ActiveCfg = Debug|Any CPU
		{37C53F12-68DB-4BDF-AF22-471030814019}.Debug|Any CPU.Build.0 = Debug|Any CPU
		{37C53F12-68DB-4BDF-AF22-471030814019}.Release|Any CPU.ActiveCfg = Release|Any CPU
		{37C53F12-68DB-4BDF-AF22-471030814019}.Release|Any CPU.Build.0 = Release|Any CPU
	EndGlobalSection
	GlobalSection(SolutionProperties) = preSolution
		HideSolutionNode = FALSE
	EndGlobalSection
EndGlobal
